
Microsoft Visual Studio Solution File, Format Version 12.00
# Visual Studio 2013
VisualStudioVersion = 12.0.30501.0
MinimumVisualStudioVersion = 10.0.40219.1
Project("{8BC9CEB8-8B4A-11D0-8D11-00A0C91BC942}") = "DLLConnectionEXETest", "DLLConnectionEXETest\DLLConnectionEXETest.vcxproj", "{63775D4E-024C-46CA-A6E1-B7F79805B5EE}"
EndProject
Project("{8BC9CEB8-8B4A-11D0-8D11-00A0C91BC942}") = "DLLConnectionDLLTest", "DLLConnectionDLLTest\DLLConnectionDLLTest.vcxproj", "{147DA091-0CCE-48F3-836E-18D740F6BFC3}"
EndProject
Project("{8BC9CEB8-8B4A-11D0-8D11-00A0C91BC942}") = "NexantSafetyDLL", "NexantSafetyDLL\NexantSafetyDLL.vcxproj", "{5C38F826-AD6F-4D34-9C5E-CF61F839B601}"
EndProject
Global
	GlobalSection(SolutionConfigurationPlatforms) = preSolution
		Debug|Win32 = Debug|Win32
		Release|Win32 = Release|Win32
	EndGlobalSection
	GlobalSection(ProjectConfigurationPlatforms) = postSolution
		{63775D4E-024C-46CA-A6E1-B7F79805B5EE}.Debug|Win32.ActiveCfg = Debug|Win32
		{63775D4E-024C-46CA-A6E1-B7F79805B5EE}.Debug|Win32.Build.0 = Debug|Win32
		{63775D4E-024C-46CA-A6E1-B7F79805B5EE}.Release|Win32.ActiveCfg = Release|Win32
		{63775D4E-024C-46CA-A6E1-B7F79805B5EE}.Release|Win32.Build.0 = Release|Win32
		{147DA091-0CCE-48F3-836E-18D740F6BFC3}.Debug|Win32.ActiveCfg = Debug|Win32
		{147DA091-0CCE-48F3-836E-18D740F6BFC3}.Debug|Win32.Build.0 = Debug|Win32
		{147DA091-0CCE-48F3-836E-18D740F6BFC3}.Release|Win32.ActiveCfg = Release|Win32
		{147DA091-0CCE-48F3-836E-18D740F6BFC3}.Release|Win32.Build.0 = Release|Win32
		{5C38F826-AD6F-4D34-9C5E-CF61F839B601}.Debug|Win32.ActiveCfg = Debug|Win32
		{5C38F826-AD6F-4D34-9C5E-CF61F839B601}.Debug|Win32.Build.0 = Debug|Win32
		{5C38F826-AD6F-4D34-9C5E-CF61F839B601}.Release|Win32.ActiveCfg = Release|Win32
		{5C38F826-AD6F-4D34-9C5E-CF61F839B601}.Release|Win32.Build.0 = Release|Win32
	EndGlobalSection
	GlobalSection(SolutionProperties) = preSolution
		HideSolutionNode = FALSE
	EndGlobalSection
EndGlobal
